// !$*UTF8*$!
{
	archiveVersion = 1;
	classes = {
	};
	objectVersion = 46;
	objects = {

/* Begin PBXBuildFile section */
		4C416BE21D144B6B009DB690 /* AppDelegate.swift in Sources */ = {isa = PBXBuildFile; fileRef = 4C416BE11D144B6B009DB690 /* AppDelegate.swift */; };
		4C416BE41D144B6B009DB690 /* ViewController.swift in Sources */ = {isa = PBXBuildFile; fileRef = 4C416BE31D144B6B009DB690 /* ViewController.swift */; };
		4C416BE71D144B6B009DB690 /* Main.storyboard in Resources */ = {isa = PBXBuildFile; fileRef = 4C416BE51D144B6B009DB690 /* Main.storyboard */; };
		4C416BE91D144B6B009DB690 /* Assets.xcassets in Resources */ = {isa = PBXBuildFile; fileRef = 4C416BE81D144B6B009DB690 /* Assets.xcassets */; };
		4C416BEC1D144B6B009DB690 /* LaunchScreen.storyboard in Resources */ = {isa = PBXBuildFile; fileRef = 4C416BEA1D144B6B009DB690 /* LaunchScreen.storyboard */; };
		4C416BF71D144B6B009DB690 /* Chap2Proj1Tests.swift in Sources */ = {isa = PBXBuildFile; fileRef = 4C416BF61D144B6B009DB690 /* Chap2Proj1Tests.swift */; };
		4C416C021D144B6B009DB690 /* Chap2Proj1UITests.swift in Sources */ = {isa = PBXBuildFile; fileRef = 4C416C011D144B6B009DB690 /* Chap2Proj1UITests.swift */; };
/* End PBXBuildFile section */

/* Begin PBXContainerItemProxy section */
		4C416BF31D144B6B009DB690 /* PBXContainerItemProxy */ = {
			isa = PBXContainerItemProxy;
			containerPortal = 4C416BD61D144B6B009DB690 /* Project object */;
			proxyType = 1;
			remoteGlobalIDString = 4C416BDD1D144B6B009DB690;
			remoteInfo = Chap2Proj1;
		};
		4C416BFE1D144B6B009DB690 /* PBXContainerItemProxy */ = {
			isa = PBXContainerItemProxy;
			containerPortal = 4C416BD61D144B6B009DB690 /* Project object */;
			proxyType = 1;
			remoteGlobalIDString = 4C416BDD1D144B6B009DB690;
			remoteInfo = Chap2Proj1;
		};
/* End PBXContainerItemProxy section */

/* Begin PBXFileReference section */
		4C416BDE1D144B6B009DB690 /* Chap2Proj1.app */ = {isa = PBXFileReference; explicitFileType = wrapper.application; includeInIndex = 0; path = Chap2Proj1.app; sourceTree = BUILT_PRODUCTS_DIR; };
		4C416BE11D144B6B009DB690 /* AppDelegate.swift */ = {isa = PBXFileReference; lastKnownFileType = sourcecode.swift; path = AppDelegate.swift; sourceTree = "<group>"; };
		4C416BE31D144B6B009DB690 /* ViewController.swift */ = {isa = PBXFileReference; lastKnownFileType = sourcecode.swift; path = ViewController.swift; sourceTree = "<group>"; };
		4C416BE61D144B6B009DB690 /* Base */ = {isa = PBXFileReference; lastKnownFileType = file.storyboard; name = Base; path = Base.lproj/Main.storyboard; sourceTree = "<group>"; };
		4C416BE81D144B6B009DB690 /* Assets.xcassets */ = {isa = PBXFileReference; lastKnownFileType = folder.assetcatalog; path = Assets.xcassets; sourceTree = "<group>"; };
		4C416BEB1D144B6B009DB690 /* Base */ = {isa = PBXFileReference; lastKnownFileType = file.storyboard; name = Base; path = Base.lproj/LaunchScreen.storyboard; sourceTree = "<group>"; };
		4C416BED1D144B6B009DB690 /* Info.plist */ = {isa = PBXFileReference; lastKnownFileType = text.plist.xml; path = Info.plist; sourceTree = "<group>"; };
		4C416BF21D144B6B009DB690 /* Chap2Proj1Tests.xctest */ = {isa = PBXFileReference; explicitFileType = wrapper.cfbundle; includeInIndex = 0; path = Chap2Proj1Tests.xctest; sourceTree = BUILT_PRODUCTS_DIR; };
		4C416BF61D144B6B009DB690 /* Chap2Proj1Tests.swift */ = {isa = PBXFileReference; lastKnownFileType = sourcecode.swift; path = Chap2Proj1Tests.swift; sourceTree = "<group>"; };
		4C416BF81D144B6B009DB690 /* Info.plist */ = {isa = PBXFileReference; lastKnownFileType = text.plist.xml; path = Info.plist; sourceTree = "<group>"; };
		4C416BFD1D144B6B009DB690 /* Chap2Proj1UITests.xctest */ = {isa = PBXFileReference; explicitFileType = wrapper.cfbundle; includeInIndex = 0; path = Chap2Proj1UITests.xctest; sourceTree = BUILT_PRODUCTS_DIR; };
		4C416C011D144B6B009DB690 /* Chap2Proj1UITests.swift */ = {isa = PBXFileReference; lastKnownFileType = sourcecode.swift; path = Chap2Proj1UITests.swift; sourceTree = "<group>"; };
		4C416C031D144B6B009DB690 /* Info.plist */ = {isa = PBXFileReference; lastKnownFileType = text.plist.xml; path = Info.plist; sourceTree = "<group>"; };
/* End PBXFileReference section */

/* Begin PBXFrameworksBuildPhase section */
		4C416BDB1D144B6B009DB690 /* Frameworks */ = {
			isa = PBXFrameworksBuildPhase;
			buildActionMask = 2147483647;
			files = (
			);
			runOnlyForDeploymentPostprocessing = 0;
		};
		4C416BEF1D144B6B009DB690 /* Frameworks */ = {
			isa = PBXFrameworksBuildPhase;
			buildActionMask = 2147483647;
			files = (
			);
			runOnlyForDeploymentPostprocessing = 0;
		};
		4C416BFA1D144B6B009DB690 /* Frameworks */ = {
			isa = PBXFrameworksBuildPhase;
			buildActionMask = 2147483647;
			files = (
			);
			runOnlyForDeploymentPostprocessing = 0;
		};
/* End PBXFrameworksBuildPhase section */

/* Begin PBXGroup section */
		4C416BD51D144B6B009DB690 = {
			isa = PBXGroup;
			children = (
				4C416BE01D144B6B009DB690 /* Chap2Proj1 */,
				4C416BF51D144B6B009DB690 /* Chap2Proj1Tests */,
				4C416C001D144B6B009DB690 /* Chap2Proj1UITests */,
				4C416BDF1D144B6B009DB690 /* Products */,
			);
			sourceTree = "<group>";
		};
		4C416BDF1D144B6B009DB690 /* Products */ = {
			isa = PBXGroup;
			children = (
				4C416BDE1D144B6B009DB690 /* Chap2Proj1.app */,
				4C416BF21D144B6B009DB690 /* Chap2Proj1Tests.xctest */,
				4C416BFD1D144B6B009DB690 /* Chap2Proj1UITests.xctest */,
			);
			name = Products;
			sourceTree = "<group>";
		};
		4C416BE01D144B6B009DB690 /* Chap2Proj1 */ = {
			isa = PBXGroup;
			children = (
				4C416BE11D144B6B009DB690 /* AppDelegate.swift */,
				4C416BE31D144B6B009DB690 /* ViewController.swift */,
				4C416BE51D144B6B009DB690 /* Main.storyboard */,
				4C416BE81D144B6B009DB690 /* Assets.xcassets */,
				4C416BEA1D144B6B009DB690 /* LaunchScreen.storyboard */,
				4C416BED1D144B6B009DB690 /* Info.plist */,
			);
			path = Chap2Proj1;
			sourceTree = "<group>";
		};
		4C416BF51D144B6B009DB690 /* Chap2Proj1Tests */ = {
			isa = PBXGroup;
			children = (
				4C416BF61D144B6B009DB690 /* Chap2Proj1Tests.swift */,
				4C416BF81D144B6B009DB690 /* Info.plist */,
			);
			path = Chap2Proj1Tests;
			sourceTree = "<group>";
		};
		4C416C001D144B6B009DB690 /* Chap2Proj1UITests */ = {
			isa = PBXGroup;
			children = (
				4C416C011D144B6B009DB690 /* Chap2Proj1UITests.swift */,
				4C416C031D144B6B009DB690 /* Info.plist */,
			);
			path = Chap2Proj1UITests;
			sourceTree = "<group>";
		};
/* End PBXGroup section */

/* Begin PBXNativeTarget section */
		4C416BDD1D144B6B009DB690 /* Chap2Proj1 */ = {
			isa = PBXNativeTarget;
			buildConfigurationList = 4C416C061D144B6B009DB690 /* Build configuration list for PBXNativeTarget "Chap2Proj1" */;
			buildPhases = (
				4C416BDA1D144B6B009DB690 /* Sources */,
				4C416BDB1D144B6B009DB690 /* Frameworks */,
				4C416BDC1D144B6B009DB690 /* Resources */,
			);
			buildRules = (
			);
			dependencies = (
			);
			name = Chap2Proj1;
			productName = Chap2Proj1;
			productReference = 4C416BDE1D144B6B009DB690 /* Chap2Proj1.app */;
			productType = "com.apple.product-type.application";
		};
		4C416BF11D144B6B009DB690 /* Chap2Proj1Tests */ = {
			isa = PBXNativeTarget;
			buildConfigurationList = 4C416C091D144B6B009DB690 /* Build configuration list for PBXNativeTarget "Chap2Proj1Tests" */;
			buildPhases = (
				4C416BEE1D144B6B009DB690 /* Sources */,
				4C416BEF1D144B6B009DB690 /* Frameworks */,
				4C416BF01D144B6B009DB690 /* Resources */,
			);
			buildRules = (
			);
			dependencies = (
				4C416BF41D144B6B009DB690 /* PBXTargetDependency */,
			);
			name = Chap2Proj1Tests;
			productName = Chap2Proj1Tests;
			productReference = 4C416BF21D144B6B009DB690 /* Chap2Proj1Tests.xctest */;
			productType = "com.apple.product-type.bundle.unit-test";
		};
		4C416BFC1D144B6B009DB690 /* Chap2Proj1UITests */ = {
			isa = PBXNativeTarget;
			buildConfigurationList = 4C416C0C1D144B6B009DB690 /* Build configuration list for PBXNativeTarget "Chap2Proj1UITests" */;
			buildPhases = (
				4C416BF91D144B6B009DB690 /* Sources */,
				4C416BFA1D144B6B009DB690 /* Frameworks */,
				4C416BFB1D144B6B009DB690 /* Resources */,
			);
			buildRules = (
			);
			dependencies = (
				4C416BFF1D144B6B009DB690 /* PBXTargetDependency */,
			);
			name = Chap2Proj1UITests;
			productName = Chap2Proj1UITests;
			productReference = 4C416BFD1D144B6B009DB690 /* Chap2Proj1UITests.xctest */;
			productType = "com.apple.product-type.bundle.ui-testing";
		};
/* End PBXNativeTarget section */

/* Begin PBXProject section */
		4C416BD61D144B6B009DB690 /* Project object */ = {
			isa = PBXProject;
			attributes = {
				LastSwiftUpdateCheck = 0730;
				LastUpgradeCheck = 0730;
				ORGANIZATIONNAME = "Pierre Jardinet";
				TargetAttributes = {
					4C416BDD1D144B6B009DB690 = {
						CreatedOnToolsVersion = 7.3.1;
					};
					4C416BF11D144B6B009DB690 = {
						CreatedOnToolsVersion = 7.3.1;
						TestTargetID = 4C416BDD1D144B6B009DB690;
					};
					4C416BFC1D144B6B009DB690 = {
						CreatedOnToolsVersion = 7.3.1;
						TestTargetID = 4C416BDD1D144B6B009DB690;
					};
				};
			};
			buildConfigurationList = 4C416BD91D144B6B009DB690 /* Build configuration list for PBXProject "Chap2Proj1" */;
			compatibilityVersion = "Xcode 3.2";
			developmentRegion = English;
			hasScannedForEncodings = 0;
			knownRegions = (
				en,
				Base,
			);
			mainGroup = 4C416BD51D144B6B009DB690;
			productRefGroup = 4C416BDF1D144B6B009DB690 /* Products */;
			projectDirPath = "";
			projectRoot = "";
			targets = (
				4C416BDD1D144B6B009DB690 /* Chap2Proj1 */,
				4C416BF11D144B6B009DB690 /* Chap2Proj1Tests */,
				4C416BFC1D144B6B009DB690 /* Chap2Proj1UITests */,
			);
		};
/* End PBXProject section */

/* Begin PBXResourcesBuildPhase section */
		4C416BDC1D144B6B009DB690 /* Resources */ = {
			isa = PBXResourcesBuildPhase;
			buildActionMask = 2147483647;
			files = (
				4C416BEC1D144B6B009DB690 /* LaunchScreen.storyboard in Resources */,
				4C416BE91D144B6B009DB690 /* Assets.xcassets in Resources */,
				4C416BE71D144B6B009DB690 /* Main.storyboard in Resources */,
			);
			runOnlyForDeploymentPostprocessing = 0;
		};
		4C416BF01D144B6B009DB690 /* Resources */ = {
			isa = PBXResourcesBuildPhase;
			buildActionMask = 2147483647;
			files = (
			);
			runOnlyForDeploymentPostprocessing = 0;
		};
		4C416BFB1D144B6B009DB690 /* Resources */ = {
			isa = PBXResourcesBuildPhase;
			buildActionMask = 2147483647;
			files = (
			);
			runOnlyForDeploymentPostprocessing = 0;
		};
/* End PBXResourcesBuildPhase section */

/* Begin PBXSourcesBuildPhase section */
		4C416BDA1D144B6B009DB690 /* Sources */ = {
			isa = PBXSourcesBuildPhase;
			buildActionMask = 2147483647;
			files = (
				4C416BE41D144B6B009DB690 /* ViewController.swift in Sources */,
				4C416BE21D144B6B009DB690 /* AppDelegate.swift in Sources */,
			);
			runOnlyForDeploymentPostprocessing = 0;
		};
		4C416BEE1D144B6B009DB690 /* Sources */ = {
			isa = PBXSourcesBuildPhase;
			buildActionMask = 2147483647;
			files = (
				4C416BF71D144B6B009DB690 /* Chap2Proj1Tests.swift in Sources */,
			);
			runOnlyForDeploymentPostprocessing = 0;
		};
		4C416BF91D144B6B009DB690 /* Sources */ = {
			isa = PBXSourcesBuildPhase;
			buildActionMask = 2147483647;
			files = (
				4C416C021D144B6B009DB690 /* Chap2Proj1UITests.swift in Sources */,
			);
			runOnlyForDeploymentPostprocessing = 0;
		};
/* End PBXSourcesBuildPhase section */

/* Begin PBXTargetDependency section */
		4C416BF41D144B6B009DB690 /* PBXTargetDependency */ = {
			isa = PBXTargetDependency;
			target = 4C416BDD1D144B6B009DB690 /* Chap2Proj1 */;
			targetProxy = 4C416BF31D144B6B009DB690 /* PBXContainerItemProxy */;
		};
		4C416BFF1D144B6B009DB690 /* PBXTargetDependency */ = {
			isa = PBXTargetDependency;
			target = 4C416BDD1D144B6B009DB690 /* Chap2Proj1 */;
			targetProxy = 4C416BFE1D144B6B009DB690 /* PBXContainerItemProxy */;
		};
/* End PBXTargetDependency section */

/* Begin PBXVariantGroup section */
		4C416BE51D144B6B009DB690 /* Main.storyboard */ = {
			isa = PBXVariantGroup;
			children = (
				4C416BE61D144B6B009DB690 /* Base */,
			);
			name = Main.storyboard;
			sourceTree = "<group>";
		};
		4C416BEA1D144B6B009DB690 /* LaunchScreen.storyboard */ = {
			isa = PBXVariantGroup;
			children = (
				4C416BEB1D144B6B009DB690 /* Base */,
			);
			name = LaunchScreen.storyboard;
			sourceTree = "<group>";
		};
/* End PBXVariantGroup section */

/* Begin XCBuildConfiguration section */
		4C416C041D144B6B009DB690 /* Debug */ = {
			isa = XCBuildConfiguration;
			buildSettings = {
				ALWAYS_SEARCH_USER_PATHS = NO;
				CLANG_ANALYZER_NONNULL = YES;
				CLANG_CXX_LANGUAGE_STANDARD = "gnu++0x";
				CLANG_CXX_LIBRARY = "libc++";
				CLANG_ENABLE_MODULES = YES;
				CLANG_ENABLE_OBJC_ARC = YES;
				CLANG_WARN_BOOL_CONVERSION = YES;
				CLANG_WARN_CONSTANT_CONVERSION = YES;
				CLANG_WARN_DIRECT_OBJC_ISA_USAGE = YES_ERROR;
				CLANG_WARN_EMPTY_BODY = YES;
				CLANG_WARN_ENUM_CONVERSION = YES;
				CLANG_WARN_INT_CONVERSION = YES;
				CLANG_WARN_OBJC_ROOT_CLASS = YES_ERROR;
				CLANG_WARN_UNREACHABLE_CODE = YES;
				CLANG_WARN__DUPLICATE_METHOD_MATCH = YES;
				"CODE_SIGN_IDENTITY[sdk=iphoneos*]" = "iPhone Developer";
				COPY_PHASE_STRIP = NO;
				DEBUG_INFORMATION_FORMAT = dwarf;
				ENABLE_STRICT_OBJC_MSGSEND = YES;
				ENABLE_TESTABILITY = YES;
				GCC_C_LANGUAGE_STANDARD = gnu99;
				GCC_DYNAMIC_NO_PIC = NO;
				GCC_NO_COMMON_BLOCKS = YES;
				GCC_OPTIMIZATION_LEVEL = 0;
				GCC_PREPROCESSOR_DEFINITIONS = (
					"DEBUG=1",
					"$(inherited)",
				);
				GCC_WARN_64_TO_32_BIT_CONVERSION = YES;
				GCC_WARN_ABOUT_RETURN_TYPE = YES_ERROR;
				GCC_WARN_UNDECLARED_SELECTOR = YES;
				GCC_WARN_UNINITIALIZED_AUTOS = YES_AGGRESSIVE;
				GCC_WARN_UNUSED_FUNCTION = YES;
				GCC_WARN_UNUSED_VARIABLE = YES;
				IPHONEOS_DEPLOYMENT_TARGET = 9.3;
				MTL_ENABLE_DEBUG_INFO = YES;
				ONLY_ACTIVE_ARCH = YES;
				SDKROOT = iphoneos;
				SWIFT_OPTIMIZATION_LEVEL = "-Onone";
			};
			name = Debug;
		};
		4C416C051D144B6B009DB690 /* Release */ = {
			isa = XCBuildConfiguration;
			buildSettings = {
				ALWAYS_SEARCH_USER_PATHS = NO;
				CLANG_ANALYZER_NONNULL = YES;
				CLANG_CXX_LANGUAGE_STANDARD = "gnu++0x";
				CLANG_CXX_LIBRARY = "libc++";
				CLANG_ENABLE_MODULES = YES;
				CLANG_ENABLE_OBJC_ARC = YES;
				CLANG_WARN_BOOL_CONVERSION = YES;
				CLANG_WARN_CONSTANT_CONVERSION = YES;
				CLANG_WARN_DIRECT_OBJC_ISA_USAGE = YES_ERROR;
				CLANG_WARN_EMPTY_BODY = YES;
				CLANG_WARN_ENUM_CONVERSION = YES;
				CLANG_WARN_INT_CONVERSION = YES;
				CLANG_WARN_OBJC_ROOT_CLASS = YES_ERROR;
				CLANG_WARN_UNREACHABLE_CODE = YES;
				CLANG_WARN__DUPLICATE_METHOD_MATCH = YES;
				"CODE_SIGN_IDENTITY[sdk=iphoneos*]" = "iPhone Developer";
				COPY_PHASE_STRIP = NO;
				DEBUG_INFORMATION_FORMAT = "dwarf-with-dsym";
				ENABLE_NS_ASSERTIONS = NO;
				ENABLE_STRICT_OBJC_MSGSEND = YES;
				GCC_C_LANGUAGE_STANDARD = gnu99;
				GCC_NO_COMMON_BLOCKS = YES;
				GCC_WARN_64_TO_32_BIT_CONVERSION = YES;
				GCC_WARN_ABOUT_RETURN_TYPE = YES_ERROR;
				GCC_WARN_UNDECLARED_SELECTOR = YES;
				GCC_WARN_UNINITIALIZED_AUTOS = YES_AGGRESSIVE;
				GCC_WARN_UNUSED_FUNCTION = YES;
				GCC_WARN_UNUSED_VARIABLE = YES;
				IPHONEOS_DEPLOYMENT_TARGET = 9.3;
				MTL_ENABLE_DEBUG_INFO = NO;
				SDKROOT = iphoneos;
				VALIDATE_PRODUCT = YES;
			};
			name = Release;
		};
		4C416C071D144B6B009DB690 /* Debug */ = {
			isa = XCBuildConfiguration;
			buildSettings = {
				ASSETCATALOG_COMPILER_APPICON_NAME = AppIcon;
				INFOPLIST_FILE = Chap2Proj1/Info.plist;
				LD_RUNPATH_SEARCH_PATHS = "$(inherited) @executable_path/Frameworks";
				PRODUCT_BUNDLE_IDENTIFIER = cool.Chap2Proj1;
				PRODUCT_NAME = "$(TARGET_NAME)";
			};
			name = Debug;
		};
		4C416C081D144B6B009DB690 /* Release */ = {
			isa = XCBuildConfiguration;
			buildSettings = {
				ASSETCATALOG_COMPILER_APPICON_NAME = AppIcon;
				INFOPLIST_FILE = Chap2Proj1/Info.plist;
				LD_RUNPATH_SEARCH_PATHS = "$(inherited) @executable_path/Frameworks";
				PRODUCT_BUNDLE_IDENTIFIER = cool.Chap2Proj1;
				PRODUCT_NAME = "$(TARGET_NAME)";
			};
			name = Release;
		};
		4C416C0A1D144B6B009DB690 /* Debug */ = {
			isa = XCBuildConfiguration;
			buildSettings = {
				BUNDLE_LOADER = "$(TEST_HOST)";
				INFOPLIST_FILE = Chap2Proj1Tests/Info.plist;
				LD_RUNPATH_SEARCH_PATHS = "$(inherited) @executable_path/Frameworks @loader_path/Frameworks";
				PRODUCT_BUNDLE_IDENTIFIER = cool.Chap2Proj1Tests;
				PRODUCT_NAME = "$(TARGET_NAME)";
				TEST_HOST = "$(BUILT_PRODUCTS_DIR)/Chap2Proj1.app/Chap2Proj1";
			};
			name = Debug;
		};
		4C416C0B1D144B6B009DB690 /* Release */ = {
			isa = XCBuildConfiguration;
			buildSettings = {
				BUNDLE_LOADER = "$(TEST_HOST)";
				INFOPLIST_FILE = Chap2Proj1Tests/Info.plist;
				LD_RUNPATH_SEARCH_PATHS = "$(inherited) @executable_path/Frameworks @loader_path/Frameworks";
				PRODUCT_BUNDLE_IDENTIFIER = cool.Chap2Proj1Tests;
				PRODUCT_NAME = "$(TARGET_NAME)";
				TEST_HOST = "$(BUILT_PRODUCTS_DIR)/Chap2Proj1.app/Chap2Proj1";
			};
			name = Release;
		};
		4C416C0D1D144B6B009DB690 /* Debug */ = {
			isa = XCBuildConfiguration;
			buildSettings = {
				INFOPLIST_FILE = Chap2Proj1UITests/Info.plist;
				LD_RUNPATH_SEARCH_PATHS = "$(inherited) @executable_path/Frameworks @loader_path/Frameworks";
				PRODUCT_BUNDLE_IDENTIFIER = cool.Chap2Proj1UITests;
				PRODUCT_NAME = "$(TARGET_NAME)";
				TEST_TARGET_NAME = Chap2Proj1;
			};
			name = Debug;
		};
		4C416C0E1D144B6B009DB690 /* Release */ = {
			isa = XCBuildConfiguration;
			buildSettings = {
				INFOPLIST_FILE = Chap2Proj1UITests/Info.plist;
				LD_RUNPATH_SEARCH_PATHS = "$(inherited) @executable_path/Frameworks @loader_path/Frameworks";
				PRODUCT_BUNDLE_IDENTIFIER = cool.Chap2Proj1UITests;
				PRODUCT_NAME = "$(TARGET_NAME)";
				TEST_TARGET_NAME = Chap2Proj1;
			};
			name = Release;
		};
/* End XCBuildConfiguration section */

/* Begin XCConfigurationList section */
		4C416BD91D144B6B009DB690 /* Build configuration list for PBXProject "Chap2Proj1" */ = {
			isa = XCConfigurationList;
			buildConfigurations = (
				4C416C041D144B6B009DB690 /* Debug */,
				4C416C051D144B6B009DB690 /* Release */,
			);
			defaultConfigurationIsVisible = 0;
			defaultConfigurationName = Release;
		};
		4C416C061D144B6B009DB690 /* Build configuration list for PBXNativeTarget "Chap2Proj1" */ = {
			isa = XCConfigurationList;
			buildConfigurations = (
				4C416C071D144B6B009DB690 /* Debug */,
				4C416C081D144B6B009DB690 /* Release */,
			);
			defaultConfigurationIsVisible = 0;
		};
		4C416C091D144B6B009DB690 /* Build configuration list for PBXNativeTarget "Chap2Proj1Tests" */ = {
			isa = XCConfigurationList;
			buildConfigurations = (
				4C416C0A1D144B6B009DB690 /* Debug */,
				4C416C0B1D144B6B009DB690 /* Release */,
			);
			defaultConfigurationIsVisible = 0;
		};
		4C416C0C1D144B6B009DB690 /* Build configuration list for PBXNativeTarget "Chap2Proj1UITests" */ = {
			isa = XCConfigurationList;
			buildConfigurations = (
				4C416C0D1D144B6B009DB690 /* Debug */,
				4C416C0E1D144B6B009DB690 /* Release */,
			);
			defaultConfigurationIsVisible = 0;
		};
/* End XCConfigurationList section */
	};
	rootObject = 4C416BD61D144B6B009DB690 /* Project object */;
}
